
Microsoft Visual Studio Solution File, Format Version 12.00
# Visual Studio Version 17
VisualStudioVersion = 17.8.34322.80
MinimumVisualStudioVersion = 10.0.40219.1
Project("{FAE04EC0-301F-11D3-BF4B-00C04F79EFBC}") = "ProfFraryCourses", "ProfFraryCourses\ProfFraryCourses.csproj", "{23E213F7-E42B-403D-B4D7-FDFBB96AF796}"
EndProject
Global
	GlobalSection(SolutionConfigurationPlatforms) = preSolution
		Debug|Any CPU = Debug|Any CPU
		Release|Any CPU = Release|Any CPU
	EndGlobalSection
	GlobalSection(ProjectConfigurationPlatforms) = postSolution
		{23E213F7-E42B-403D-B4D7-FDFBB96AF796}.Debug|Any CPU.ActiveCfg = Debug|Any CPU
		{23E213F7-E42B-403D-B4D7-FDFBB96AF796}.Debug|Any CPU.Build.0 = Debug|Any CPU
		{23E213F7-E42B-403D-B4D7-FDFBB96AF796}.Release|Any CPU.ActiveCfg = Release|Any CPU
		{23E213F7-E42B-403D-B4D7-FDFBB96AF796}.Release|Any CPU.Build.0 = Release|Any CPU
	EndGlobalSection
	GlobalSection(SolutionProperties) = preSolution
		HideSolutionNode = FALSE
	EndGlobalSection
	GlobalSection(ExtensibilityGlobals) = postSolution
		SolutionGuid = {81134CE9-4194-4759-ABCF-1F5A72499BE5}
	EndGlobalSection
EndGlobal
